
Microsoft Visual Studio Solution File, Format Version 12.00
# Visual Studio 15
VisualStudioVersion = 15.0.27004.2006
MinimumVisualStudioVersion = 10.0.40219.1
Project("{FAE04EC0-301F-11D3-BF4B-00C04F79EFBC}") = "SweetCoffeeDescuentos", "SweetCoffeeDescuentos\SweetCoffeeDescuentos.csproj", "{18A70682-D717-4C13-B474-904EDF8620DC}"
EndProject
Global
	GlobalSection(SolutionConfigurationPlatforms) = preSolution
		Debug|Any CPU = Debug|Any CPU
		Release|Any CPU = Release|Any CPU
	EndGlobalSection
	GlobalSection(ProjectConfigurationPlatforms) = postSolution
		{18A70682-D717-4C13-B474-904EDF8620DC}.Debug|Any CPU.ActiveCfg = Debug|Any CPU
		{18A70682-D717-4C13-B474-904EDF8620DC}.Debug|Any CPU.Build.0 = Debug|Any CPU
		{18A70682-D717-4C13-B474-904EDF8620DC}.Release|Any CPU.ActiveCfg = Release|Any CPU
		{18A70682-D717-4C13-B474-904EDF8620DC}.Release|Any CPU.Build.0 = Release|Any CPU
	EndGlobalSection
	GlobalSection(SolutionProperties) = preSolution
		HideSolutionNode = FALSE
	EndGlobalSection
	GlobalSection(ExtensibilityGlobals) = postSolution
		SolutionGuid = {2F31C79A-3547-4A93-A76A-8A74EBB2CCF4}
	EndGlobalSection
EndGlobal
